// !$*UTF8*$!
{
	archiveVersion = 1;
	classes = {
	};
	objectVersion = 50;
	objects = {

/* Begin PBXBuildFile section */
		254DDA2825F3731100B0D42C /* AppDelegate.swift in Sources */ = {isa = PBXBuildFile; fileRef = 254DDA2725F3731100B0D42C /* AppDelegate.swift */; };
		254DDA2A25F3731100B0D42C /* SceneDelegate.swift in Sources */ = {isa = PBXBuildFile; fileRef = 254DDA2925F3731100B0D42C /* SceneDelegate.swift */; };
		254DDA2C25F3731100B0D42C /* ViewController.swift in Sources */ = {isa = PBXBuildFile; fileRef = 254DDA2B25F3731100B0D42C /* ViewController.swift */; };
		254DDA2F25F3731100B0D42C /* Main.storyboard in Resources */ = {isa = PBXBuildFile; fileRef = 254DDA2D25F3731100B0D42C /* Main.storyboard */; };
		254DDA3125F3731700B0D42C /* Assets.xcassets in Resources */ = {isa = PBXBuildFile; fileRef = 254DDA3025F3731700B0D42C /* Assets.xcassets */; };
		254DDA3425F3731700B0D42C /* LaunchScreen.storyboard in Resources */ = {isa = PBXBuildFile; fileRef = 254DDA3225F3731700B0D42C /* LaunchScreen.storyboard */; };
/* End PBXBuildFile section */

/* Begin PBXFileReference section */
		254DDA2425F3731100B0D42C /* Intro-Git.app */ = {isa = PBXFileReference; explicitFileType = wrapper.application; includeInIndex = 0; path = "Intro-Git.app"; sourceTree = BUILT_PRODUCTS_DIR; };
		254DDA2725F3731100B0D42C /* AppDelegate.swift */ = {isa = PBXFileReference; lastKnownFileType = sourcecode.swift; path = AppDelegate.swift; sourceTree = "<group>"; };
		254DDA2925F3731100B0D42C /* SceneDelegate.swift */ = {isa = PBXFileReference; lastKnownFileType = sourcecode.swift; path = SceneDelegate.swift; sourceTree = "<group>"; };
		254DDA2B25F3731100B0D42C /* ViewController.swift */ = {isa = PBXFileReference; lastKnownFileType = sourcecode.swift; path = ViewController.swift; sourceTree = "<group>"; };
		254DDA2E25F3731100B0D42C /* Base */ = {isa = PBXFileReference; lastKnownFileType = file.storyboard; name = Base; path = Base.lproj/Main.storyboard; sourceTree = "<group>"; };
		254DDA3025F3731700B0D42C /* Assets.xcassets */ = {isa = PBXFileReference; lastKnownFileType = folder.assetcatalog; path = Assets.xcassets; sourceTree = "<group>"; };
		254DDA3325F3731700B0D42C /* Base */ = {isa = PBXFileReference; lastKnownFileType = file.storyboard; name = Base; path = Base.lproj/LaunchScreen.storyboard; sourceTree = "<group>"; };
		254DDA3525F3731700B0D42C /* Info.plist */ = {isa = PBXFileReference; lastKnownFileType = text.plist.xml; path = Info.plist; sourceTree = "<group>"; };
/* End PBXFileReference section */

/* Begin PBXFrameworksBuildPhase section */
		254DDA2125F3731100B0D42C /* Frameworks */ = {
			isa = PBXFrameworksBuildPhase;
			buildActionMask = 2147483647;
			files = (
			);
			runOnlyForDeploymentPostprocessing = 0;
		};
/* End PBXFrameworksBuildPhase section */

/* Begin PBXGroup section */
		254DDA1B25F3731100B0D42C = {
			isa = PBXGroup;
			children = (
				254DDA2625F3731100B0D42C /* Intro-Git */,
				254DDA2525F3731100B0D42C /* Products */,
			);
			sourceTree = "<group>";
		};
		254DDA2525F3731100B0D42C /* Products */ = {
			isa = PBXGroup;
			children = (
				254DDA2425F3731100B0D42C /* Intro-Git.app */,
			);
			name = Products;
			sourceTree = "<group>";
		};
		254DDA2625F3731100B0D42C /* Intro-Git */ = {
			isa = PBXGroup;
			children = (
				254DDA2725F3731100B0D42C /* AppDelegate.swift */,
				254DDA2925F3731100B0D42C /* SceneDelegate.swift */,
				254DDA2B25F3731100B0D42C /* ViewController.swift */,
				254DDA2D25F3731100B0D42C /* Main.storyboard */,
				254DDA3025F3731700B0D42C /* Assets.xcassets */,
				254DDA3225F3731700B0D42C /* LaunchScreen.storyboard */,
				254DDA3525F3731700B0D42C /* Info.plist */,
			);
			path = "Intro-Git";
			sourceTree = "<group>";
		};
/* End PBXGroup section */

/* Begin PBXNativeTarget section */
		254DDA2325F3731100B0D42C /* Intro-Git */ = {
			isa = PBXNativeTarget;
			buildConfigurationList = 254DDA3825F3731700B0D42C /* Build configuration list for PBXNativeTarget "Intro-Git" */;
			buildPhases = (
				254DDA2025F3731100B0D42C /* Sources */,
				254DDA2125F3731100B0D42C /* Frameworks */,
				254DDA2225F3731100B0D42C /* Resources */,
			);
			buildRules = (
			);
			dependencies = (
			);
			name = "Intro-Git";
			productName = "Intro-Git";
			productReference = 254DDA2425F3731100B0D42C /* Intro-Git.app */;
			productType = "com.apple.product-type.application";
		};
/* End PBXNativeTarget section */

/* Begin PBXProject section */
		254DDA1C25F3731100B0D42C /* Project object */ = {
			isa = PBXProject;
			attributes = {
				LastSwiftUpdateCheck = 1240;
				LastUpgradeCheck = 1240;
				TargetAttributes = {
					254DDA2325F3731100B0D42C = {
						CreatedOnToolsVersion = 12.4;
					};
				};
			};
			buildConfigurationList = 254DDA1F25F3731100B0D42C /* Build configuration list for PBXProject "Intro-Git" */;
			compatibilityVersion = "Xcode 9.3";
			developmentRegion = en;
			hasScannedForEncodings = 0;
			knownRegions = (
				en,
				Base,
			);
			mainGroup = 254DDA1B25F3731100B0D42C;
			productRefGroup = 254DDA2525F3731100B0D42C /* Products */;
			projectDirPath = "";
			projectRoot = "";
			targets = (
				254DDA2325F3731100B0D42C /* Intro-Git */,
			);
		};
/* End PBXProject section */

/* Begin PBXResourcesBuildPhase section */
		254DDA2225F3731100B0D42C /* Resources */ = {
			isa = PBXResourcesBuildPhase;
			buildActionMask = 2147483647;
			files = (
				254DDA3425F3731700B0D42C /* LaunchScreen.storyboard in Resources */,
				254DDA3125F3731700B0D42C /* Assets.xcassets in Resources */,
				254DDA2F25F3731100B0D42C /* Main.storyboard in Resources */,
			);
			runOnlyForDeploymentPostprocessing = 0;
		};
/* End PBXResourcesBuildPhase section */

/* Begin PBXSourcesBuildPhase section */
		254DDA2025F3731100B0D42C /* Sources */ = {
			isa = PBXSourcesBuildPhase;
			buildActionMask = 2147483647;
			files = (
				254DDA2C25F3731100B0D42C /* ViewController.swift in Sources */,
				254DDA2825F3731100B0D42C /* AppDelegate.swift in Sources */,
				254DDA2A25F3731100B0D42C /* SceneDelegate.swift in Sources */,
			);
			runOnlyForDeploymentPostprocessing = 0;
		};
/* End PBXSourcesBuildPhase section */

/* Begin PBXVariantGroup section */
		254DDA2D25F3731100B0D42C /* Main.storyboard */ = {
			isa = PBXVariantGroup;
			children = (
				254DDA2E25F3731100B0D42C /* Base */,
			);
			name = Main.storyboard;
			sourceTree = "<group>";
		};
		254DDA3225F3731700B0D42C /* LaunchScreen.storyboard */ = {
			isa = PBXVariantGroup;
			children = (
				254DDA3325F3731700B0D42C /* Base */,
			);
			name = LaunchScreen.storyboard;
			sourceTree = "<group>";
		};
/* End PBXVariantGroup section */

/* Begin XCBuildConfiguration section */
		254DDA3625F3731700B0D42C /* Debug */ = {
			isa = XCBuildConfiguration;
			buildSettings = {
				ALWAYS_SEARCH_USER_PATHS = NO;
				CLANG_ANALYZER_NONNULL = YES;
				CLANG_ANALYZER_NUMBER_OBJECT_CONVERSION = YES_AGGRESSIVE;
				CLANG_CXX_LANGUAGE_STANDARD = "gnu++14";
				CLANG_CXX_LIBRARY = "libc++";
				CLANG_ENABLE_MODULES = YES;
				CLANG_ENABLE_OBJC_ARC = YES;
				CLANG_ENABLE_OBJC_WEAK = YES;
				CLANG_WARN_BLOCK_CAPTURE_AUTORELEASING = YES;
				CLANG_WARN_BOOL_CONVERSION = YES;
				CLANG_WARN_COMMA = YES;
				CLANG_WARN_CONSTANT_CONVERSION = YES;
				CLANG_WARN_DEPRECATED_OBJC_IMPLEMENTATIONS = YES;
				CLANG_WARN_DIRECT_OBJC_ISA_USAGE = YES_ERROR;
				CLANG_WARN_DOCUMENTATION_COMMENTS = YES;
				CLANG_WARN_EMPTY_BODY = YES;
				CLANG_WARN_ENUM_CONVERSION = YES;
				CLANG_WARN_INFINITE_RECURSION = YES;
				CLANG_WARN_INT_CONVERSION = YES;
				CLANG_WARN_NON_LITERAL_NULL_CONVERSION = YES;
				CLANG_WARN_OBJC_IMPLICIT_RETAIN_SELF = YES;
				CLANG_WARN_OBJC_LITERAL_CONVERSION = YES;
				CLANG_WARN_OBJC_ROOT_CLASS = YES_ERROR;
				CLANG_WARN_QUOTED_INCLUDE_IN_FRAMEWORK_HEADER = YES;
				CLANG_WARN_RANGE_LOOP_ANALYSIS = YES;
				CLANG_WARN_STRICT_PROTOTYPES = YES;
				CLANG_WARN_SUSPICIOUS_MOVE = YES;
				CLANG_WARN_UNGUARDED_AVAILABILITY = YES_AGGRESSIVE;
				CLANG_WARN_UNREACHABLE_CODE = YES;
				CLANG_WARN__DUPLICATE_METHOD_MATCH = YES;
				COPY_PHASE_STRIP = NO;
				DEBUG_INFORMATION_FORMAT = dwarf;
				ENABLE_STRICT_OBJC_MSGSEND = YES;
				ENABLE_TESTABILITY = YES;
				GCC_C_LANGUAGE_STANDARD = gnu11;
				GCC_DYNAMIC_NO_PIC = NO;
				GCC_NO_COMMON_BLOCKS = YES;
				GCC_OPTIMIZATION_LEVEL = 0;
				GCC_PREPROCESSOR_DEFINITIONS = (
					"DEBUG=1",
					"$(inherited)",
				);
				GCC_WARN_64_TO_32_BIT_CONVERSION = YES;
				GCC_WARN_ABOUT_RETURN_TYPE = YES_ERROR;
				GCC_WARN_UNDECLARED_SELECTOR = YES;
				GCC_WARN_UNINITIALIZED_AUTOS = YES_AGGRESSIVE;
				GCC_WARN_UNUSED_FUNCTION = YES;
				GCC_WARN_UNUSED_VARIABLE = YES;
				IPHONEOS_DEPLOYMENT_TARGET = 14.4;
				MTL_ENABLE_DEBUG_INFO = INCLUDE_SOURCE;
				MTL_FAST_MATH = YES;
				ONLY_ACTIVE_ARCH = YES;
				SDKROOT = iphoneos;
				SWIFT_ACTIVE_COMPILATION_CONDITIONS = DEBUG;
				SWIFT_OPTIMIZATION_LEVEL = "-Onone";
			};
			name = Debug;
		};
		254DDA3725F3731700B0D42C /* Release */ = {
			isa = XCBuildConfiguration;
			buildSettings = {
				ALWAYS_SEARCH_USER_PATHS = NO;
				CLANG_ANALYZER_NONNULL = YES;
				CLANG_ANALYZER_NUMBER_OBJECT_CONVERSION = YES_AGGRESSIVE;
				CLANG_CXX_LANGUAGE_STANDARD = "gnu++14";
				CLANG_CXX_LIBRARY = "libc++";
				CLANG_ENABLE_MODULES = YES;
				CLANG_ENABLE_OBJC_ARC = YES;
				CLANG_ENABLE_OBJC_WEAK = YES;
				CLANG_WARN_BLOCK_CAPTURE_AUTORELEASING = YES;
				CLANG_WARN_BOOL_CONVERSION = YES;
				CLANG_WARN_COMMA = YES;
				CLANG_WARN_CONSTANT_CONVERSION = YES;
				CLANG_WARN_DEPRECATED_OBJC_IMPLEMENTATIONS = YES;
				CLANG_WARN_DIRECT_OBJC_ISA_USAGE = YES_ERROR;
				CLANG_WARN_DOCUMENTATION_COMMENTS = YES;
				CLANG_WARN_EMPTY_BODY = YES;
				CLANG_WARN_ENUM_CONVERSION = YES;
				CLANG_WARN_INFINITE_RECURSION = YES;
				CLANG_WARN_INT_CONVERSION = YES;
				CLANG_WARN_NON_LITERAL_NULL_CONVERSION = YES;
				CLANG_WARN_OBJC_IMPLICIT_RETAIN_SELF = YES;
				CLANG_WARN_OBJC_LITERAL_CONVERSION = YES;
				CLANG_WARN_OBJC_ROOT_CLASS = YES_ERROR;
				CLANG_WARN_QUOTED_INCLUDE_IN_FRAMEWORK_HEADER = YES;
				CLANG_WARN_RANGE_LOOP_ANALYSIS = YES;
				CLANG_WARN_STRICT_PROTOTYPES = YES;
				CLANG_WARN_SUSPICIOUS_MOVE = YES;
				CLANG_WARN_UNGUARDED_AVAILABILITY = YES_AGGRESSIVE;
				CLANG_WARN_UNREACHABLE_CODE = YES;
				CLANG_WARN__DUPLICATE_METHOD_MATCH = YES;
				COPY_PHASE_STRIP = NO;
				DEBUG_INFORMATION_FORMAT = "dwarf-with-dsym";
				ENABLE_NS_ASSERTIONS = NO;
				ENABLE_STRICT_OBJC_MSGSEND = YES;
				GCC_C_LANGUAGE_STANDARD = gnu11;
				GCC_NO_COMMON_BLOCKS = YES;
				GCC_WARN_64_TO_32_BIT_CONVERSION = YES;
				GCC_WARN_ABOUT_RETURN_TYPE = YES_ERROR;
				GCC_WARN_UNDECLARED_SELECTOR = YES;
				GCC_WARN_UNINITIALIZED_AUTOS = YES_AGGRESSIVE;
				GCC_WARN_UNUSED_FUNCTION = YES;
				GCC_WARN_UNUSED_VARIABLE = YES;
				IPHONEOS_DEPLOYMENT_TARGET = 14.4;
				MTL_ENABLE_DEBUG_INFO = NO;
				MTL_FAST_MATH = YES;
				SDKROOT = iphoneos;
				SWIFT_COMPILATION_MODE = wholemodule;
				SWIFT_OPTIMIZATION_LEVEL = "-O";
				VALIDATE_PRODUCT = YES;
			};
			name = Release;
		};
		254DDA3925F3731700B0D42C /* Debug */ = {
			isa = XCBuildConfiguration;
			buildSettings = {
				ASSETCATALOG_COMPILER_APPICON_NAME = AppIcon;
				ASSETCATALOG_COMPILER_GLOBAL_ACCENT_COLOR_NAME = AccentColor;
				CODE_SIGN_STYLE = Automatic;
				INFOPLIST_FILE = "Intro-Git/Info.plist";
				LD_RUNPATH_SEARCH_PATHS = (
					"$(inherited)",
					"@executable_path/Frameworks",
				);
				PRODUCT_BUNDLE_IDENTIFIER = "In-Lab-Demo.Intro-Git";
				PRODUCT_NAME = "$(TARGET_NAME)";
				SWIFT_VERSION = 5.0;
				TARGETED_DEVICE_FAMILY = "1,2";
			};
			name = Debug;
		};
		254DDA3A25F3731700B0D42C /* Release */ = {
			isa = XCBuildConfiguration;
			buildSettings = {
				ASSETCATALOG_COMPILER_APPICON_NAME = AppIcon;
				ASSETCATALOG_COMPILER_GLOBAL_ACCENT_COLOR_NAME = AccentColor;
				CODE_SIGN_STYLE = Automatic;
				INFOPLIST_FILE = "Intro-Git/Info.plist";
				LD_RUNPATH_SEARCH_PATHS = (
					"$(inherited)",
					"@executable_path/Frameworks",
				);
				PRODUCT_BUNDLE_IDENTIFIER = "In-Lab-Demo.Intro-Git";
				PRODUCT_NAME = "$(TARGET_NAME)";
				SWIFT_VERSION = 5.0;
				TARGETED_DEVICE_FAMILY = "1,2";
			};
			name = Release;
		};
/* End XCBuildConfiguration section */

/* Begin XCConfigurationList section */
		254DDA1F25F3731100B0D42C /* Build configuration list for PBXProject "Intro-Git" */ = {
			isa = XCConfigurationList;
			buildConfigurations = (
				254DDA3625F3731700B0D42C /* Debug */,
				254DDA3725F3731700B0D42C /* Release */,
			);
			defaultConfigurationIsVisible = 0;
			defaultConfigurationName = Release;
		};
		254DDA3825F3731700B0D42C /* Build configuration list for PBXNativeTarget "Intro-Git" */ = {
			isa = XCConfigurationList;
			buildConfigurations = (
				254DDA3925F3731700B0D42C /* Debug */,
				254DDA3A25F3731700B0D42C /* Release */,
			);
			defaultConfigurationIsVisible = 0;
			defaultConfigurationName = Release;
		};
/* End XCConfigurationList section */
	};
	rootObject = 254DDA1C25F3731100B0D42C /* Project object */;
}
